
Microsoft Visual Studio Solution File, Format Version 12.00
# Visual Studio 15
VisualStudioVersion = 15.0.26730.12
MinimumVisualStudioVersion = 10.0.40219.1
Project("{FAE04EC0-301F-11D3-BF4B-00C04F79EFBC}") = "PRAWaitList", "PRAWaitList\PRAWaitList.csproj", "{F7DD376E-0D47-44FC-B75D-823449582C5E}"
EndProject
Project("{FAE04EC0-301F-11D3-BF4B-00C04F79EFBC}") = "EmailApplication", "EmailApplication\EmailApplication.csproj", "{0F187ADC-9B11-4C85-A703-21A870A143F5}"
EndProject
Project("{FAE04EC0-301F-11D3-BF4B-00C04F79EFBC}") = "WaitListService", "WaitListService\WaitListService.csproj", "{88DBFBF7-28D6-4C63-AA26-24D63AA461E6}"
EndProject
Global
	GlobalSection(SolutionConfigurationPlatforms) = preSolution
		Debug|Any CPU = Debug|Any CPU
		Release|Any CPU = Release|Any CPU
	EndGlobalSection
	GlobalSection(ProjectConfigurationPlatforms) = postSolution
		{F7DD376E-0D47-44FC-B75D-823449582C5E}.Debug|Any CPU.ActiveCfg = Debug|Any CPU
		{F7DD376E-0D47-44FC-B75D-823449582C5E}.Debug|Any CPU.Build.0 = Debug|Any CPU
		{F7DD376E-0D47-44FC-B75D-823449582C5E}.Release|Any CPU.ActiveCfg = Release|Any CPU
		{F7DD376E-0D47-44FC-B75D-823449582C5E}.Release|Any CPU.Build.0 = Release|Any CPU
		{0F187ADC-9B11-4C85-A703-21A870A143F5}.Debug|Any CPU.ActiveCfg = Debug|Any CPU
		{0F187ADC-9B11-4C85-A703-21A870A143F5}.Debug|Any CPU.Build.0 = Debug|Any CPU
		{0F187ADC-9B11-4C85-A703-21A870A143F5}.Release|Any CPU.ActiveCfg = Release|Any CPU
		{0F187ADC-9B11-4C85-A703-21A870A143F5}.Release|Any CPU.Build.0 = Release|Any CPU
		{88DBFBF7-28D6-4C63-AA26-24D63AA461E6}.Debug|Any CPU.ActiveCfg = Debug|Any CPU
		{88DBFBF7-28D6-4C63-AA26-24D63AA461E6}.Debug|Any CPU.Build.0 = Debug|Any CPU
		{88DBFBF7-28D6-4C63-AA26-24D63AA461E6}.Release|Any CPU.ActiveCfg = Release|Any CPU
		{88DBFBF7-28D6-4C63-AA26-24D63AA461E6}.Release|Any CPU.Build.0 = Release|Any CPU
	EndGlobalSection
	GlobalSection(SolutionProperties) = preSolution
		HideSolutionNode = FALSE
	EndGlobalSection
	GlobalSection(ExtensibilityGlobals) = postSolution
		SolutionGuid = {253AC7DE-759F-44C0-8920-A8ABAEDC6E14}
	EndGlobalSection
EndGlobal
